
Microsoft Visual Studio Solution File, Format Version 12.00
# Visual Studio 15
VisualStudioVersion = 15.0.28307.1831
MinimumVisualStudioVersion = 10.0.40219.1
Project("{159641D6-6404-4A2A-AE62-294DE0FE8301}") = "SSIS Excel ETL", "SSIS Excel ETL\SSIS Excel ETL.dtproj", "{56B67CD6-513C-4A24-88AA-8770966086F4}"
EndProject
Global
	GlobalSection(SolutionConfigurationPlatforms) = preSolution
		Development|Default = Development|Default
	EndGlobalSection
	GlobalSection(ProjectConfigurationPlatforms) = postSolution
		{56B67CD6-513C-4A24-88AA-8770966086F4}.Development|Default.ActiveCfg = Development
		{56B67CD6-513C-4A24-88AA-8770966086F4}.Development|Default.Build.0 = Development
	EndGlobalSection
	GlobalSection(SolutionProperties) = preSolution
		HideSolutionNode = FALSE
	EndGlobalSection
	GlobalSection(ExtensibilityGlobals) = postSolution
		SolutionGuid = {2FB4369D-617E-4607-BBBA-E4B6483FD056}
	EndGlobalSection
EndGlobal
